
Microsoft Visual Studio Solution File, Format Version 12.00
# Visual Studio 15
VisualStudioVersion = 15.0.26124.0
MinimumVisualStudioVersion = 15.0.26124.0
Project("{F2A71F9B-5D33-465A-A702-920D77279786}") = "ProcessWatcher.Common", "ProcessWatcher.Common\ProcessWatcher.Common.fsproj", "{1987A66A-5A83-41EA-8AA4-269EA007B034}"
EndProject
Project("{F2A71F9B-5D33-465A-A702-920D77279786}") = "ProcessWatcher", "ProcessWatcher\ProcessWatcher.fsproj", "{B6DCEE5F-36A8-477D-8664-F437377A81D4}"
EndProject
Global
	GlobalSection(SolutionConfigurationPlatforms) = preSolution
		Debug|Any CPU = Debug|Any CPU
		Debug|x64 = Debug|x64
		Debug|x86 = Debug|x86
		Release|Any CPU = Release|Any CPU
		Release|x64 = Release|x64
		Release|x86 = Release|x86
	EndGlobalSection
	GlobalSection(SolutionProperties) = preSolution
		HideSolutionNode = FALSE
	EndGlobalSection
	GlobalSection(ProjectConfigurationPlatforms) = postSolution
		{1987A66A-5A83-41EA-8AA4-269EA007B034}.Debug|Any CPU.ActiveCfg = Debug|Any CPU
		{1987A66A-5A83-41EA-8AA4-269EA007B034}.Debug|Any CPU.Build.0 = Debug|Any CPU
		{1987A66A-5A83-41EA-8AA4-269EA007B034}.Debug|x64.ActiveCfg = Debug|x64
		{1987A66A-5A83-41EA-8AA4-269EA007B034}.Debug|x64.Build.0 = Debug|x64
		{1987A66A-5A83-41EA-8AA4-269EA007B034}.Debug|x86.ActiveCfg = Debug|x86
		{1987A66A-5A83-41EA-8AA4-269EA007B034}.Debug|x86.Build.0 = Debug|x86
		{1987A66A-5A83-41EA-8AA4-269EA007B034}.Release|Any CPU.ActiveCfg = Release|Any CPU
		{1987A66A-5A83-41EA-8AA4-269EA007B034}.Release|Any CPU.Build.0 = Release|Any CPU
		{1987A66A-5A83-41EA-8AA4-269EA007B034}.Release|x64.ActiveCfg = Release|x64
		{1987A66A-5A83-41EA-8AA4-269EA007B034}.Release|x64.Build.0 = Release|x64
		{1987A66A-5A83-41EA-8AA4-269EA007B034}.Release|x86.ActiveCfg = Release|x86
		{1987A66A-5A83-41EA-8AA4-269EA007B034}.Release|x86.Build.0 = Release|x86
		{B6DCEE5F-36A8-477D-8664-F437377A81D4}.Debug|Any CPU.ActiveCfg = Debug|Any CPU
		{B6DCEE5F-36A8-477D-8664-F437377A81D4}.Debug|Any CPU.Build.0 = Debug|Any CPU
		{B6DCEE5F-36A8-477D-8664-F437377A81D4}.Debug|x64.ActiveCfg = Debug|x64
		{B6DCEE5F-36A8-477D-8664-F437377A81D4}.Debug|x64.Build.0 = Debug|x64
		{B6DCEE5F-36A8-477D-8664-F437377A81D4}.Debug|x86.ActiveCfg = Debug|x86
		{B6DCEE5F-36A8-477D-8664-F437377A81D4}.Debug|x86.Build.0 = Debug|x86
		{B6DCEE5F-36A8-477D-8664-F437377A81D4}.Release|Any CPU.ActiveCfg = Release|Any CPU
		{B6DCEE5F-36A8-477D-8664-F437377A81D4}.Release|Any CPU.Build.0 = Release|Any CPU
		{B6DCEE5F-36A8-477D-8664-F437377A81D4}.Release|x64.ActiveCfg = Release|x64
		{B6DCEE5F-36A8-477D-8664-F437377A81D4}.Release|x64.Build.0 = Release|x64
		{B6DCEE5F-36A8-477D-8664-F437377A81D4}.Release|x86.ActiveCfg = Release|x86
		{B6DCEE5F-36A8-477D-8664-F437377A81D4}.Release|x86.Build.0 = Release|x86
	EndGlobalSection
EndGlobal
